
Microsoft Visual Studio Solution File, Format Version 12.00
# Visual Studio Version 17
VisualStudioVersion = 17.4.33205.214
MinimumVisualStudioVersion = 10.0.40219.1
Project("{FAE04EC0-301F-11D3-BF4B-00C04F79EFBC}") = "SimpliestCalculator", "SimpliestCalculator\SimpliestCalculator.csproj", "{9F64ED72-DBDE-46A2-8DCA-01800178DB46}"
EndProject
Global
	GlobalSection(SolutionConfigurationPlatforms) = preSolution
		Debug|Any CPU = Debug|Any CPU
		Release|Any CPU = Release|Any CPU
	EndGlobalSection
	GlobalSection(ProjectConfigurationPlatforms) = postSolution
		{9F64ED72-DBDE-46A2-8DCA-01800178DB46}.Debug|Any CPU.ActiveCfg = Debug|Any CPU
		{9F64ED72-DBDE-46A2-8DCA-01800178DB46}.Debug|Any CPU.Build.0 = Debug|Any CPU
		{9F64ED72-DBDE-46A2-8DCA-01800178DB46}.Release|Any CPU.ActiveCfg = Release|Any CPU
		{9F64ED72-DBDE-46A2-8DCA-01800178DB46}.Release|Any CPU.Build.0 = Release|Any CPU
	EndGlobalSection
	GlobalSection(SolutionProperties) = preSolution
		HideSolutionNode = FALSE
	EndGlobalSection
	GlobalSection(ExtensibilityGlobals) = postSolution
		SolutionGuid = {4FAE7D4C-B3A7-4105-96B8-98A7ED3CF241}
	EndGlobalSection
EndGlobal
